
Microsoft Visual Studio Solution File, Format Version 12.00
# Visual Studio 2017
Project("{FAE04EC0-301F-11D3-BF4B-00C04F79EFBC}") = "P3D Unity Game", "P3D Unity Game.csproj", "{7113724B-C991-5F1C-4701-6A9A5D1F8A85}"
EndProject
Project("{FAE04EC0-301F-11D3-BF4B-00C04F79EFBC}") = "P3D Unity Game.Plugins", "P3D Unity Game.Plugins.csproj", "{BA4DED5C-3C51-31CE-2DEC-BA118F85D1C0}"
EndProject
Project("{FAE04EC0-301F-11D3-BF4B-00C04F79EFBC}") = "P3D Unity Game.Editor", "P3D Unity Game.Editor.csproj", "{3D76E3B9-D0D5-BB03-B4DD-419710D909FB}"
EndProject
Project("{FAE04EC0-301F-11D3-BF4B-00C04F79EFBC}") = "P3D Unity Game.Editor.Plugins", "P3D Unity Game.Editor.Plugins.csproj", "{A997D6A3-EE61-82E1-986B-AA4565B8EB92}"
EndProject
Project("{FAE04EC0-301F-11D3-BF4B-00C04F79EFBC}") = "Unity.PackageManagerUI.Editor", "Unity.PackageManagerUI.Editor.csproj", "{6877705C-FBD9-0C4F-5AFB-6FB431E5D39D}"
EndProject
Project("{FAE04EC0-301F-11D3-BF4B-00C04F79EFBC}") = "UnityEditor.StandardEvents", "UnityEditor.StandardEvents.csproj", "{6800202F-4402-D405-F8CB-03DC7BD78B92}"
EndProject
Global
	GlobalSection(SolutionConfigurationPlatforms) = preSolution
		Debug|Any CPU = Debug|Any CPU
		Release|Any CPU = Release|Any CPU
	EndGlobalSection
	GlobalSection(ProjectConfigurationPlatforms) = postSolution
		{7113724B-C991-5F1C-4701-6A9A5D1F8A85}.Debug|Any CPU.ActiveCfg = Debug|Any CPU
		{7113724B-C991-5F1C-4701-6A9A5D1F8A85}.Debug|Any CPU.Build.0 = Debug|Any CPU
		{7113724B-C991-5F1C-4701-6A9A5D1F8A85}.Release|Any CPU.ActiveCfg = Release|Any CPU
		{7113724B-C991-5F1C-4701-6A9A5D1F8A85}.Release|Any CPU.Build.0 = Release|Any CPU
		{BA4DED5C-3C51-31CE-2DEC-BA118F85D1C0}.Debug|Any CPU.ActiveCfg = Debug|Any CPU
		{BA4DED5C-3C51-31CE-2DEC-BA118F85D1C0}.Debug|Any CPU.Build.0 = Debug|Any CPU
		{BA4DED5C-3C51-31CE-2DEC-BA118F85D1C0}.Release|Any CPU.ActiveCfg = Release|Any CPU
		{BA4DED5C-3C51-31CE-2DEC-BA118F85D1C0}.Release|Any CPU.Build.0 = Release|Any CPU
		{3D76E3B9-D0D5-BB03-B4DD-419710D909FB}.Debug|Any CPU.ActiveCfg = Debug|Any CPU
		{3D76E3B9-D0D5-BB03-B4DD-419710D909FB}.Debug|Any CPU.Build.0 = Debug|Any CPU
		{3D76E3B9-D0D5-BB03-B4DD-419710D909FB}.Release|Any CPU.ActiveCfg = Release|Any CPU
		{3D76E3B9-D0D5-BB03-B4DD-419710D909FB}.Release|Any CPU.Build.0 = Release|Any CPU
		{A997D6A3-EE61-82E1-986B-AA4565B8EB92}.Debug|Any CPU.ActiveCfg = Debug|Any CPU
		{A997D6A3-EE61-82E1-986B-AA4565B8EB92}.Debug|Any CPU.Build.0 = Debug|Any CPU
		{A997D6A3-EE61-82E1-986B-AA4565B8EB92}.Release|Any CPU.ActiveCfg = Release|Any CPU
		{A997D6A3-EE61-82E1-986B-AA4565B8EB92}.Release|Any CPU.Build.0 = Release|Any CPU
		{6877705C-FBD9-0C4F-5AFB-6FB431E5D39D}.Debug|Any CPU.ActiveCfg = Debug|Any CPU
		{6877705C-FBD9-0C4F-5AFB-6FB431E5D39D}.Debug|Any CPU.Build.0 = Debug|Any CPU
		{6877705C-FBD9-0C4F-5AFB-6FB431E5D39D}.Release|Any CPU.ActiveCfg = Release|Any CPU
		{6877705C-FBD9-0C4F-5AFB-6FB431E5D39D}.Release|Any CPU.Build.0 = Release|Any CPU
		{6800202F-4402-D405-F8CB-03DC7BD78B92}.Debug|Any CPU.ActiveCfg = Debug|Any CPU
		{6800202F-4402-D405-F8CB-03DC7BD78B92}.Debug|Any CPU.Build.0 = Debug|Any CPU
		{6800202F-4402-D405-F8CB-03DC7BD78B92}.Release|Any CPU.ActiveCfg = Release|Any CPU
		{6800202F-4402-D405-F8CB-03DC7BD78B92}.Release|Any CPU.Build.0 = Release|Any CPU
	EndGlobalSection
	GlobalSection(SolutionProperties) = preSolution
		HideSolutionNode = FALSE
	EndGlobalSection
EndGlobal
